
Microsoft Visual Studio Solution File, Format Version 12.00
# Visual Studio Version 16
VisualStudioVersion = 16.0.29209.152
MinimumVisualStudioVersion = 10.0.40219.1
Project("{FAE04EC0-301F-11D3-BF4B-00C04F79EFBC}") = "URLConvert", "URLConvert\URLConvert.csproj", "{9FD25782-C2EF-4C76-88DA-D5F5FA56A248}"
EndProject
Global
	GlobalSection(SolutionConfigurationPlatforms) = preSolution
		Debug|Any CPU = Debug|Any CPU
		Release|Any CPU = Release|Any CPU
	EndGlobalSection
	GlobalSection(ProjectConfigurationPlatforms) = postSolution
		{9FD25782-C2EF-4C76-88DA-D5F5FA56A248}.Debug|Any CPU.ActiveCfg = Debug|Any CPU
		{9FD25782-C2EF-4C76-88DA-D5F5FA56A248}.Debug|Any CPU.Build.0 = Debug|Any CPU
		{9FD25782-C2EF-4C76-88DA-D5F5FA56A248}.Release|Any CPU.ActiveCfg = Release|Any CPU
		{9FD25782-C2EF-4C76-88DA-D5F5FA56A248}.Release|Any CPU.Build.0 = Release|Any CPU
	EndGlobalSection
	GlobalSection(SolutionProperties) = preSolution
		HideSolutionNode = FALSE
	EndGlobalSection
	GlobalSection(ExtensibilityGlobals) = postSolution
		SolutionGuid = {555A53D8-1D29-403E-A011-94DD341D5155}
	EndGlobalSection
EndGlobal
